<?xml version="1.0" encoding="utf-8"?>
<Project ToolsVersion="4.0" xmlns="http://schemas.microsoft.com/developer/msbuild/2003">
  <ItemGroup>
    <Filter Include="win32">
      <UniqueIdentifier>{84a8ebd7-7cf0-47f6-b75e-d441df67da40}</UniqueIdentifier>
    </Filter>
    <Filter Include="resource">
      <UniqueIdentifier>{715254bc-d70b-4ec5-bf29-467dd3ace079}</UniqueIdentifier>
    </Filter>
    <Filter Include="src">
      <UniqueIdentifier>{bb6c862e-70e9-49d9-81b7-3829a6f50471}</UniqueIdentifier>
    </Filter>
    <Filter Include="Scene">
      <UniqueIdentifier>{0605c172-3c42-4536-91d6-339a7d1bc1fe}</UniqueIdentifier>
    </Filter>
    <Filter Include="Controlor">
      <UniqueIdentifier>{f91682c7-21d5-40e6-b71d-f89ace6c9f14}</UniqueIdentifier>
    </Filter>
    <Filter Include="Controlor\EnemyControlor">
      <UniqueIdentifier>{925cce30-7143-4e13-bebf-d72883d0ea42}</UniqueIdentifier>
    </Filter>
    <Filter Include="Controlor\BossControlor">
      <UniqueIdentifier>{4c2cbee7-6592-4ac5-8a91-8fff85d47f40}</UniqueIdentifier>
    </Filter>
    <Filter Include="Controlor\BonusControlor">
      <UniqueIdentifier>{6207c735-d05b-4789-a4f2-fab55649ff3f}</UniqueIdentifier>
    </Filter>
    <Filter Include="Entity">
      <UniqueIdentifier>{7b0b0d5a-d60e-42bb-ab0c-18868ce67e9d}</UniqueIdentifier>
    </Filter>
    <Filter Include="Entity\Spaceship">
      <UniqueIdentifier>{788c9098-9121-4e78-b448-6eb832f53442}</UniqueIdentifier>
    </Filter>
    <Filter Include="Entity\Spaceship\Phoenix">
      <UniqueIdentifier>{2bc9bf30-d549-4f42-8c56-866e75513e8d}</UniqueIdentifier>
    </Filter>
    <Filter Include="Entity\Spaceship\EnemyOne">
      <UniqueIdentifier>{a32b850c-5d8e-4bc8-b0d8-5727218691ad}</UniqueIdentifier>
    </Filter>
    <Filter Include="Entity\Weapon">
      <UniqueIdentifier>{77ecd62e-a77f-466f-bf99-4d89f45fc562}</UniqueIdentifier>
    </Filter>
    <Filter Include="Entity\Weapon\PhoenixWeapon">
      <UniqueIdentifier>{817087b3-b61a-4b6a-b602-005ce72054bf}</UniqueIdentifier>
    </Filter>
    <Filter Include="Entity\Bonus">
      <UniqueIdentifier>{4ddbeff0-4904-40e1-b78f-4405645cb289}</UniqueIdentifier>
    </Filter>
    <Filter Include="Controlor\WeaponControlor">
      <UniqueIdentifier>{0ce0aa53-c5fe-4653-b94a-b0847538a22c}</UniqueIdentifier>
    </Filter>
    <Filter Include="Entity\Weapon\EnemyWeapon1">
      <UniqueIdentifier>{216a6da2-2dcd-447a-8bd0-0244dc28bd37}</UniqueIdentifier>
    </Filter>
    <Filter Include="Entity\Spaceship\EnemyTwo">
      <UniqueIdentifier>{013af760-506b-4ce9-b298-753857f83196}</UniqueIdentifier>
    </Filter>
    <Filter Include="Entity\Weapon\EnemyTwoWeapon">
      <UniqueIdentifier>{62f4400f-9463-420c-ad88-b1bed0ade0da}</UniqueIdentifier>
    </Filter>
    <Filter Include="Entity\Spaceship\EnemyThree">
      <UniqueIdentifier>{8ba21e1e-b0c9-4570-9453-fdf263554a55}</UniqueIdentifier>
    </Filter>
    <Filter Include="Entity\Weapon\EnemyThreeWeapon">
      <UniqueIdentifier>{e46f2137-f066-4a2e-af9b-6f3e02693762}</UniqueIdentifier>
    </Filter>
    <Filter Include="Entity\Weapon\EnemyThreeWeaponPlus">
      <UniqueIdentifier>{171b93fe-02a5-44f9-a869-3c6525675097}</UniqueIdentifier>
    </Filter>
    <Filter Include="Entity\Weapon\EnemyBossWeapon1">
      <UniqueIdentifier>{765eb098-2cee-4f5f-9ade-8212a75a160e}</UniqueIdentifier>
    </Filter>
    <Filter Include="Entity\Weapon\EnemyBossWeapon2">
      <UniqueIdentifier>{7e376c42-e348-40dd-bbeb-814f031aa2b1}</UniqueIdentifier>
    </Filter>
    <Filter Include="Entity\Spaceship\Boss">
      <UniqueIdentifier>{3544deab-7063-4543-8e01-d3f553c0a8c8}</UniqueIdentifier>
    </Filter>
    <Filter Include="Entity\Spaceship\BossShip">
      <UniqueIdentifier>{b7e57518-793a-4312-bce6-f35ff8b1584e}</UniqueIdentifier>
    </Filter>
    <Filter Include="Entity\Weapon\EnenmyBossShipWeapon">
      <UniqueIdentifier>{87e7e224-3f03-4fcf-b119-0f9d7a5c46a3}</UniqueIdentifier>
    </Filter>
  </ItemGroup>
  <ItemGroup>
    <ClCompile Include="main.cpp">
      <Filter>win32</Filter>
    </ClCompile>
    <ClCompile Include="..\Classes\AppDelegate.cpp">
      <Filter>src</Filter>
    </ClCompile>
    <ClCompile Include="..\Classes\StartScene.cpp">
      <Filter>Scene</Filter>
    </ClCompile>
    <ClCompile Include="MainScene.cpp">
      <Filter>Scene</Filter>
    </ClCompile>
    <ClCompile Include="Phoenix.cpp">
      <Filter>Entity\Spaceship\Phoenix</Filter>
    </ClCompile>
    <ClCompile Include="Entity.cpp">
      <Filter>Entity</Filter>
    </ClCompile>
    <ClCompile Include="SpaceShip.cpp">
      <Filter>Entity\Spaceship</Filter>
    </ClCompile>
    <ClCompile Include="PhoenixWeapon.cpp">
      <Filter>Entity\Weapon\PhoenixWeapon</Filter>
    </ClCompile>
    <ClCompile Include="Weapon.cpp">
      <Filter>Entity\Weapon</Filter>
    </ClCompile>
    <ClCompile Include="WeaponControlor.cpp">
      <Filter>Controlor\WeaponControlor</Filter>
    </ClCompile>
    <ClCompile Include="EnemyOne.cpp">
      <Filter>Entity\Spaceship\EnemyOne</Filter>
    </ClCompile>
    <ClCompile Include="EnemyWeapon1.cpp">
      <Filter>Entity\Weapon\EnemyWeapon1</Filter>
    </ClCompile>
    <ClCompile Include="EnemyControlor.cpp">
      <Filter>Controlor\EnemyControlor</Filter>
    </ClCompile>
    <ClCompile Include="Bonus.cpp">
      <Filter>Entity\Bonus</Filter>
    </ClCompile>
    <ClCompile Include="BonusControlor.cpp">
      <Filter>Controlor\BonusControlor</Filter>
    </ClCompile>
    <ClCompile Include="EnemyTwo.cpp">
      <Filter>Entity\Spaceship\EnemyTwo</Filter>
    </ClCompile>
    <ClCompile Include="EnemyTwoWeapon.cpp">
      <Filter>Entity\Weapon\EnemyTwoWeapon</Filter>
    </ClCompile>
    <ClCompile Include="EnemyThree.cpp">
      <Filter>Entity\Spaceship\EnemyThree</Filter>
    </ClCompile>
    <ClCompile Include="EnemyThreeWeapon.cpp">
      <Filter>Entity\Weapon\EnemyThreeWeapon</Filter>
    </ClCompile>
    <ClCompile Include="EnemyThreeWeaponPlus.cpp">
      <Filter>Entity\Weapon\EnemyThreeWeaponPlus</Filter>
    </ClCompile>
    <ClCompile Include="EnemyBossWeapon1.cpp">
      <Filter>Entity\Weapon\EnemyBossWeapon1</Filter>
    </ClCompile>
    <ClCompile Include="EnemyBossWeapon2.cpp">
      <Filter>Entity\Weapon\EnemyBossWeapon2</Filter>
    </ClCompile>
    <ClCompile Include="Boss.cpp">
      <Filter>Entity\Spaceship\Boss</Filter>
    </ClCompile>
    <ClCompile Include="BossShip.cpp">
      <Filter>Entity\Spaceship\BossShip</Filter>
    </ClCompile>
    <ClCompile Include="BossControlor.cpp">
      <Filter>Controlor\BossControlor</Filter>
    </ClCompile>
    <ClCompile Include="EnemyBossShipWeapon.cpp">
      <Filter>Entity\Weapon\EnenmyBossShipWeapon</Filter>
    </ClCompile>
  </ItemGroup>
  <ItemGroup>
    <ClInclude Include="main.h">
      <Filter>win32</Filter>
    </ClInclude>
    <ClInclude Include="..\Classes\AppDelegate.h">
      <Filter>src</Filter>
    </ClInclude>
    <ClInclude Include="..\Classes\StartScene.h">
      <Filter>Scene</Filter>
    </ClInclude>
    <ClInclude Include="MainScene.h">
      <Filter>Scene</Filter>
    </ClInclude>
    <ClInclude Include="Phoenix.h">
      <Filter>Entity\Spaceship\Phoenix</Filter>
    </ClInclude>
    <ClInclude Include="Entity.h">
      <Filter>Entity</Filter>
    </ClInclude>
    <ClInclude Include="SpaceShip.h">
      <Filter>Entity\Spaceship</Filter>
    </ClInclude>
    <ClInclude Include="PhoenixWeapon.h">
      <Filter>Entity\Weapon\PhoenixWeapon</Filter>
    </ClInclude>
    <ClInclude Include="Weapon.h">
      <Filter>Entity\Weapon</Filter>
    </ClInclude>
    <ClInclude Include="WeaponControlor.h">
      <Filter>Controlor\WeaponControlor</Filter>
    </ClInclude>
    <ClInclude Include="EnemyOne.h">
      <Filter>Entity\Spaceship\EnemyOne</Filter>
    </ClInclude>
    <ClInclude Include="EnemyWeapon1.h">
      <Filter>Entity\Weapon\EnemyWeapon1</Filter>
    </ClInclude>
    <ClInclude Include="EnemyControlor.h">
      <Filter>Controlor\EnemyControlor</Filter>
    </ClInclude>
    <ClInclude Include="Bonus.h">
      <Filter>Entity\Bonus</Filter>
    </ClInclude>
    <ClInclude Include="BonusControlor.h">
      <Filter>Controlor\BonusControlor</Filter>
    </ClInclude>
    <ClInclude Include="EnemyTwo.h">
      <Filter>Entity\Spaceship\EnemyTwo</Filter>
    </ClInclude>
    <ClInclude Include="EnemyTwoWeapon.h">
      <Filter>Entity\Weapon\EnemyTwoWeapon</Filter>
    </ClInclude>
    <ClInclude Include="EnemyThree.h">
      <Filter>Entity\Spaceship\EnemyThree</Filter>
    </ClInclude>
    <ClInclude Include="EnemyThreeWeapon.h">
      <Filter>Entity\Weapon\EnemyThreeWeapon</Filter>
    </ClInclude>
    <ClInclude Include="EnemyThreeWeaponPlus.h">
      <Filter>Entity\Weapon\EnemyThreeWeaponPlus</Filter>
    </ClInclude>
    <ClInclude Include="EnemyBossWeapon1.h">
      <Filter>Entity\Weapon\EnemyBossWeapon1</Filter>
    </ClInclude>
    <ClInclude Include="EnemyBossWeapon2.h">
      <Filter>Entity\Weapon\EnemyBossWeapon2</Filter>
    </ClInclude>
    <ClInclude Include="Boss.h">
      <Filter>Entity\Spaceship\Boss</Filter>
    </ClInclude>
    <ClInclude Include="BossShip.h">
      <Filter>Entity\Spaceship\BossShip</Filter>
    </ClInclude>
    <ClInclude Include="BossControlor.h">
      <Filter>Controlor\BossControlor</Filter>
    </ClInclude>
    <ClInclude Include="EnemyBossShipWeapon.h">
      <Filter>Entity\Weapon\EnenmyBossShipWeapon</Filter>
    </ClInclude>
  </ItemGroup>
  <ItemGroup>
    <ResourceCompile Include="game.rc">
      <Filter>resource</Filter>
    </ResourceCompile>
  </ItemGroup>
</Project>